// !$*UTF8*$!
{
	archiveVersion = 1;
	classes = {
	};
	objectVersion = 77;
	objects = {

/* Begin PBXContainerItemProxy section */
		EF34A6382CD8C61D00724F97 /* PBXContainerItemProxy */ = {
			isa = PBXContainerItemProxy;
			containerPortal = EF34A61F2CD8C61C00724F97 /* Project object */;
			proxyType = 1;
			remoteGlobalIDString = EF34A6262CD8C61C00724F97;
			remoteInfo = ParliamentApp;
		};
		EF34A6422CD8C61D00724F97 /* PBXContainerItemProxy */ = {
			isa = PBXContainerItemProxy;
			containerPortal = EF34A61F2CD8C61C00724F97 /* Project object */;
			proxyType = 1;
			remoteGlobalIDString = EF34A6262CD8C61C00724F97;
			remoteInfo = ParliamentApp;
		};
/* End PBXContainerItemProxy section */

/* Begin PBXFileReference section */
		EF34A6272CD8C61C00724F97 /* ParliamentApp.app */ = {isa = PBXFileReference; explicitFileType = wrapper.application; includeInIndex = 0; path = ParliamentApp.app; sourceTree = BUILT_PRODUCTS_DIR; };
		EF34A6372CD8C61D00724F97 /* ParliamentAppTests.xctest */ = {isa = PBXFileReference; explicitFileType = wrapper.cfbundle; includeInIndex = 0; path = ParliamentAppTests.xctest; sourceTree = BUILT_PRODUCTS_DIR; };
		EF34A6412CD8C61D00724F97 /* ParliamentAppUITests.xctest */ = {isa = PBXFileReference; explicitFileType = wrapper.cfbundle; includeInIndex = 0; path = ParliamentAppUITests.xctest; sourceTree = BUILT_PRODUCTS_DIR; };
/* End PBXFileReference section */

/* Begin PBXFileSystemSynchronizedRootGroup section */
		EF34A6292CD8C61C00724F97 /* ParliamentApp */ = {
			isa = PBXFileSystemSynchronizedRootGroup;
			path = ParliamentApp;
			sourceTree = "<group>";
		};
		EF34A63A2CD8C61D00724F97 /* ParliamentAppTests */ = {
			isa = PBXFileSystemSynchronizedRootGroup;
			path = ParliamentAppTests;
			sourceTree = "<group>";
		};
		EF34A6442CD8C61D00724F97 /* ParliamentAppUITests */ = {
			isa = PBXFileSystemSynchronizedRootGroup;
			path = ParliamentAppUITests;
			sourceTree = "<group>";
		};
/* End PBXFileSystemSynchronizedRootGroup section */

/* Begin PBXFrameworksBuildPhase section */
		EF34A6242CD8C61C00724F97 /* Frameworks */ = {
			isa = PBXFrameworksBuildPhase;
			buildActionMask = 2147483647;
			files = (
			);
			runOnlyForDeploymentPostprocessing = 0;
		};
		EF34A6342CD8C61D00724F97 /* Frameworks */ = {
			isa = PBXFrameworksBuildPhase;
			buildActionMask = 2147483647;
			files = (
			);
			runOnlyForDeploymentPostprocessing = 0;
		};
		EF34A63E2CD8C61D00724F97 /* Frameworks */ = {
			isa = PBXFrameworksBuildPhase;
			buildActionMask = 2147483647;
			files = (
			);
			runOnlyForDeploymentPostprocessing = 0;
		};
/* End PBXFrameworksBuildPhase section */

/* Begin PBXGroup section */
		EF34A61E2CD8C61C00724F97 = {
			isa = PBXGroup;
			children = (
				EF34A6292CD8C61C00724F97 /* ParliamentApp */,
				EF34A63A2CD8C61D00724F97 /* ParliamentAppTests */,
				EF34A6442CD8C61D00724F97 /* ParliamentAppUITests */,
				EF34A6282CD8C61C00724F97 /* Products */,
			);
			sourceTree = "<group>";
		};
		EF34A6282CD8C61C00724F97 /* Products */ = {
			isa = PBXGroup;
			children = (
				EF34A6272CD8C61C00724F97 /* ParliamentApp.app */,
				EF34A6372CD8C61D00724F97 /* ParliamentAppTests.xctest */,
				EF34A6412CD8C61D00724F97 /* ParliamentAppUITests.xctest */,
			);
			name = Products;
			sourceTree = "<group>";
		};
/* End PBXGroup section */

/* Begin PBXNativeTarget section */
		EF34A6262CD8C61C00724F97 /* ParliamentApp */ = {
			isa = PBXNativeTarget;
			buildConfigurationList = EF34A64B2CD8C61D00724F97 /* Build configuration list for PBXNativeTarget "ParliamentApp" */;
			buildPhases = (
				EF34A6232CD8C61C00724F97 /* Sources */,
				EF34A6242CD8C61C00724F97 /* Frameworks */,
				EF34A6252CD8C61C00724F97 /* Resources */,
			);
			buildRules = (
			);
			dependencies = (
			);
			fileSystemSynchronizedGroups = (
				EF34A6292CD8C61C00724F97 /* ParliamentApp */,
			);
			name = ParliamentApp;
			packageProductDependencies = (
			);
			productName = ParliamentApp;
			productReference = EF34A6272CD8C61C00724F97 /* ParliamentApp.app */;
			productType = "com.apple.product-type.application";
		};
		EF34A6362CD8C61D00724F97 /* ParliamentAppTests */ = {
			isa = PBXNativeTarget;
			buildConfigurationList = EF34A64E2CD8C61D00724F97 /* Build configuration list for PBXNativeTarget "ParliamentAppTests" */;
			buildPhases = (
				EF34A6332CD8C61D00724F97 /* Sources */,
				EF34A6342CD8C61D00724F97 /* Frameworks */,
				EF34A6352CD8C61D00724F97 /* Resources */,
			);
			buildRules = (
			);
			dependencies = (
				EF34A6392CD8C61D00724F97 /* PBXTargetDependency */,
			);
			fileSystemSynchronizedGroups = (
				EF34A63A2CD8C61D00724F97 /* ParliamentAppTests */,
			);
			name = ParliamentAppTests;
			packageProductDependencies = (
			);
			productName = ParliamentAppTests;
			productReference = EF34A6372CD8C61D00724F97 /* ParliamentAppTests.xctest */;
			productType = "com.apple.product-type.bundle.unit-test";
		};
		EF34A6402CD8C61D00724F97 /* ParliamentAppUITests */ = {
			isa = PBXNativeTarget;
			buildConfigurationList = EF34A6512CD8C61D00724F97 /* Build configuration list for PBXNativeTarget "ParliamentAppUITests" */;
			buildPhases = (
				EF34A63D2CD8C61D00724F97 /* Sources */,
				EF34A63E2CD8C61D00724F97 /* Frameworks */,
				EF34A63F2CD8C61D00724F97 /* Resources */,
			);
			buildRules = (
			);
			dependencies = (
				EF34A6432CD8C61D00724F97 /* PBXTargetDependency */,
			);
			fileSystemSynchronizedGroups = (
				EF34A6442CD8C61D00724F97 /* ParliamentAppUITests */,
			);
			name = ParliamentAppUITests;
			packageProductDependencies = (
			);
			productName = ParliamentAppUITests;
			productReference = EF34A6412CD8C61D00724F97 /* ParliamentAppUITests.xctest */;
			productType = "com.apple.product-type.bundle.ui-testing";
		};
/* End PBXNativeTarget section */

/* Begin PBXProject section */
		EF34A61F2CD8C61C00724F97 /* Project object */ = {
			isa = PBXProject;
			attributes = {
				BuildIndependentTargetsInParallel = 1;
				LastSwiftUpdateCheck = 1610;
				LastUpgradeCheck = 1610;
				TargetAttributes = {
					EF34A6262CD8C61C00724F97 = {
						CreatedOnToolsVersion = 16.1;
					};
					EF34A6362CD8C61D00724F97 = {
						CreatedOnToolsVersion = 16.1;
						TestTargetID = EF34A6262CD8C61C00724F97;
					};
					EF34A6402CD8C61D00724F97 = {
						CreatedOnToolsVersion = 16.1;
						TestTargetID = EF34A6262CD8C61C00724F97;
					};
				};
			};
			buildConfigurationList = EF34A6222CD8C61C00724F97 /* Build configuration list for PBXProject "ParliamentApp" */;
			developmentRegion = en;
			hasScannedForEncodings = 0;
			knownRegions = (
				en,
				Base,
			);
			mainGroup = EF34A61E2CD8C61C00724F97;
			minimizedProjectReferenceProxies = 1;
			preferredProjectObjectVersion = 77;
			productRefGroup = EF34A6282CD8C61C00724F97 /* Products */;
			projectDirPath = "";
			projectRoot = "";
			targets = (
				EF34A6262CD8C61C00724F97 /* ParliamentApp */,
				EF34A6362CD8C61D00724F97 /* ParliamentAppTests */,
				EF34A6402CD8C61D00724F97 /* ParliamentAppUITests */,
			);
		};
/* End PBXProject section */

/* Begin PBXResourcesBuildPhase section */
		EF34A6252CD8C61C00724F97 /* Resources */ = {
			isa = PBXResourcesBuildPhase;
			buildActionMask = 2147483647;
			files = (
			);
			runOnlyForDeploymentPostprocessing = 0;
		};
		EF34A6352CD8C61D00724F97 /* Resources */ = {
			isa = PBXResourcesBuildPhase;
			buildActionMask = 2147483647;
			files = (
			);
			runOnlyForDeploymentPostprocessing = 0;
		};
		EF34A63F2CD8C61D00724F97 /* Resources */ = {
			isa = PBXResourcesBuildPhase;
			buildActionMask = 2147483647;
			files = (
			);
			runOnlyForDeploymentPostprocessing = 0;
		};
/* End PBXResourcesBuildPhase section */

/* Begin PBXSourcesBuildPhase section */
		EF34A6232CD8C61C00724F97 /* Sources */ = {
			isa = PBXSourcesBuildPhase;
			buildActionMask = 2147483647;
			files = (
			);
			runOnlyForDeploymentPostprocessing = 0;
		};
		EF34A6332CD8C61D00724F97 /* Sources */ = {
			isa = PBXSourcesBuildPhase;
			buildActionMask = 2147483647;
			files = (
			);
			runOnlyForDeploymentPostprocessing = 0;
		};
		EF34A63D2CD8C61D00724F97 /* Sources */ = {
			isa = PBXSourcesBuildPhase;
			buildActionMask = 2147483647;
			files = (
			);
			runOnlyForDeploymentPostprocessing = 0;
		};
/* End PBXSourcesBuildPhase section */

/* Begin PBXTargetDependency section */
		EF34A6392CD8C61D00724F97 /* PBXTargetDependency */ = {
			isa = PBXTargetDependency;
			target = EF34A6262CD8C61C00724F97 /* ParliamentApp */;
			targetProxy = EF34A6382CD8C61D00724F97 /* PBXContainerItemProxy */;
		};
		EF34A6432CD8C61D00724F97 /* PBXTargetDependency */ = {
			isa = PBXTargetDependency;
			target = EF34A6262CD8C61C00724F97 /* ParliamentApp */;
			targetProxy = EF34A6422CD8C61D00724F97 /* PBXContainerItemProxy */;
		};
/* End PBXTargetDependency section */

/* Begin XCBuildConfiguration section */
		EF34A6492CD8C61D00724F97 /* Debug */ = {
			isa = XCBuildConfiguration;
			buildSettings = {
				ALWAYS_SEARCH_USER_PATHS = NO;
				ASSETCATALOG_COMPILER_GENERATE_SWIFT_ASSET_SYMBOL_EXTENSIONS = YES;
				CLANG_ANALYZER_NONNULL = YES;
				CLANG_ANALYZER_NUMBER_OBJECT_CONVERSION = YES_AGGRESSIVE;
				CLANG_CXX_LANGUAGE_STANDARD = "gnu++20";
				CLANG_ENABLE_MODULES = YES;
				CLANG_ENABLE_OBJC_ARC = YES;
				CLANG_ENABLE_OBJC_WEAK = YES;
				CLANG_WARN_BLOCK_CAPTURE_AUTORELEASING = YES;
				CLANG_WARN_BOOL_CONVERSION = YES;
				CLANG_WARN_COMMA = YES;
				CLANG_WARN_CONSTANT_CONVERSION = YES;
				CLANG_WARN_DEPRECATED_OBJC_IMPLEMENTATIONS = YES;
				CLANG_WARN_DIRECT_OBJC_ISA_USAGE = YES_ERROR;
				CLANG_WARN_DOCUMENTATION_COMMENTS = YES;
				CLANG_WARN_EMPTY_BODY = YES;
				CLANG_WARN_ENUM_CONVERSION = YES;
				CLANG_WARN_INFINITE_RECURSION = YES;
				CLANG_WARN_INT_CONVERSION = YES;
				CLANG_WARN_NON_LITERAL_NULL_CONVERSION = YES;
				CLANG_WARN_OBJC_IMPLICIT_RETAIN_SELF = YES;
				CLANG_WARN_OBJC_LITERAL_CONVERSION = YES;
				CLANG_WARN_OBJC_ROOT_CLASS = YES_ERROR;
				CLANG_WARN_QUOTED_INCLUDE_IN_FRAMEWORK_HEADER = YES;
				CLANG_WARN_RANGE_LOOP_ANALYSIS = YES;
				CLANG_WARN_STRICT_PROTOTYPES = YES;
				CLANG_WARN_SUSPICIOUS_MOVE = YES;
				CLANG_WARN_UNGUARDED_AVAILABILITY = YES_AGGRESSIVE;
				CLANG_WARN_UNREACHABLE_CODE = YES;
				CLANG_WARN__DUPLICATE_METHOD_MATCH = YES;
				COPY_PHASE_STRIP = NO;
				DEBUG_INFORMATION_FORMAT = dwarf;
				ENABLE_STRICT_OBJC_MSGSEND = YES;
				ENABLE_TESTABILITY = YES;
				ENABLE_USER_SCRIPT_SANDBOXING = YES;
				GCC_C_LANGUAGE_STANDARD = gnu17;
				GCC_DYNAMIC_NO_PIC = NO;
				GCC_NO_COMMON_BLOCKS = YES;
				GCC_OPTIMIZATION_LEVEL = 0;
				GCC_PREPROCESSOR_DEFINITIONS = (
					"DEBUG=1",
					"$(inherited)",
				);
				GCC_WARN_64_TO_32_BIT_CONVERSION = YES;
				GCC_WARN_ABOUT_RETURN_TYPE = YES_ERROR;
				GCC_WARN_UNDECLARED_SELECTOR = YES;
				GCC_WARN_UNINITIALIZED_AUTOS = YES_AGGRESSIVE;
				GCC_WARN_UNUSED_FUNCTION = YES;
				GCC_WARN_UNUSED_VARIABLE = YES;
				IPHONEOS_DEPLOYMENT_TARGET = 18.1;
				LOCALIZATION_PREFERS_STRING_CATALOGS = YES;
				MTL_ENABLE_DEBUG_INFO = INCLUDE_SOURCE;
				MTL_FAST_MATH = YES;
				ONLY_ACTIVE_ARCH = YES;
				SDKROOT = iphoneos;
				SWIFT_ACTIVE_COMPILATION_CONDITIONS = "DEBUG $(inherited)";
				SWIFT_OPTIMIZATION_LEVEL = "-Onone";
			};
			name = Debug;
		};
		EF34A64A2CD8C61D00724F97 /* Release */ = {
			isa = XCBuildConfiguration;
			buildSettings = {
				ALWAYS_SEARCH_USER_PATHS = NO;
				ASSETCATALOG_COMPILER_GENERATE_SWIFT_ASSET_SYMBOL_EXTENSIONS = YES;
				CLANG_ANALYZER_NONNULL = YES;
				CLANG_ANALYZER_NUMBER_OBJECT_CONVERSION = YES_AGGRESSIVE;
				CLANG_CXX_LANGUAGE_STANDARD = "gnu++20";
				CLANG_ENABLE_MODULES = YES;
				CLANG_ENABLE_OBJC_ARC = YES;
				CLANG_ENABLE_OBJC_WEAK = YES;
				CLANG_WARN_BLOCK_CAPTURE_AUTORELEASING = YES;
				CLANG_WARN_BOOL_CONVERSION = YES;
				CLANG_WARN_COMMA = YES;
				CLANG_WARN_CONSTANT_CONVERSION = YES;
				CLANG_WARN_DEPRECATED_OBJC_IMPLEMENTATIONS = YES;
				CLANG_WARN_DIRECT_OBJC_ISA_USAGE = YES_ERROR;
				CLANG_WARN_DOCUMENTATION_COMMENTS = YES;
				CLANG_WARN_EMPTY_BODY = YES;
				CLANG_WARN_ENUM_CONVERSION = YES;
				CLANG_WARN_INFINITE_RECURSION = YES;
				CLANG_WARN_INT_CONVERSION = YES;
				CLANG_WARN_NON_LITERAL_NULL_CONVERSION = YES;
				CLANG_WARN_OBJC_IMPLICIT_RETAIN_SELF = YES;
				CLANG_WARN_OBJC_LITERAL_CONVERSION = YES;
				CLANG_WARN_OBJC_ROOT_CLASS = YES_ERROR;
				CLANG_WARN_QUOTED_INCLUDE_IN_FRAMEWORK_HEADER = YES;
				CLANG_WARN_RANGE_LOOP_ANALYSIS = YES;
				CLANG_WARN_STRICT_PROTOTYPES = YES;
				CLANG_WARN_SUSPICIOUS_MOVE = YES;
				CLANG_WARN_UNGUARDED_AVAILABILITY = YES_AGGRESSIVE;
				CLANG_WARN_UNREACHABLE_CODE = YES;
				CLANG_WARN__DUPLICATE_METHOD_MATCH = YES;
				COPY_PHASE_STRIP = NO;
				DEBUG_INFORMATION_FORMAT = "dwarf-with-dsym";
				ENABLE_NS_ASSERTIONS = NO;
				ENABLE_STRICT_OBJC_MSGSEND = YES;
				ENABLE_USER_SCRIPT_SANDBOXING = YES;
				GCC_C_LANGUAGE_STANDARD = gnu17;
				GCC_NO_COMMON_BLOCKS = YES;
				GCC_WARN_64_TO_32_BIT_CONVERSION = YES;
				GCC_WARN_ABOUT_RETURN_TYPE = YES_ERROR;
				GCC_WARN_UNDECLARED_SELECTOR = YES;
				GCC_WARN_UNINITIALIZED_AUTOS = YES_AGGRESSIVE;
				GCC_WARN_UNUSED_FUNCTION = YES;
				GCC_WARN_UNUSED_VARIABLE = YES;
				IPHONEOS_DEPLOYMENT_TARGET = 18.1;
				LOCALIZATION_PREFERS_STRING_CATALOGS = YES;
				MTL_ENABLE_DEBUG_INFO = NO;
				MTL_FAST_MATH = YES;
				SDKROOT = iphoneos;
				SWIFT_COMPILATION_MODE = wholemodule;
				VALIDATE_PRODUCT = YES;
			};
			name = Release;
		};
		EF34A64C2CD8C61D00724F97 /* Debug */ = {
			isa = XCBuildConfiguration;
			buildSettings = {
				ASSETCATALOG_COMPILER_APPICON_NAME = AppIcon;
				ASSETCATALOG_COMPILER_GLOBAL_ACCENT_COLOR_NAME = AccentColor;
				CODE_SIGN_STYLE = Automatic;
				CURRENT_PROJECT_VERSION = 1;
				DEVELOPMENT_ASSET_PATHS = "\"ParliamentApp/Preview Content\"";
				ENABLE_PREVIEWS = YES;
				GENERATE_INFOPLIST_FILE = YES;
				INFOPLIST_KEY_UIApplicationSceneManifest_Generation = YES;
				INFOPLIST_KEY_UIApplicationSupportsIndirectInputEvents = YES;
				INFOPLIST_KEY_UILaunchScreen_Generation = YES;
				INFOPLIST_KEY_UISupportedInterfaceOrientations_iPad = "UIInterfaceOrientationPortrait UIInterfaceOrientationPortraitUpsideDown UIInterfaceOrientationLandscapeLeft UIInterfaceOrientationLandscapeRight";
				INFOPLIST_KEY_UISupportedInterfaceOrientations_iPhone = "UIInterfaceOrientationPortrait UIInterfaceOrientationLandscapeLeft UIInterfaceOrientationLandscapeRight";
				LD_RUNPATH_SEARCH_PATHS = (
					"$(inherited)",
					"@executable_path/Frameworks",
				);
				MARKETING_VERSION = 1.0;
				PRODUCT_BUNDLE_IDENTIFIER = whatever.ParliamentApp;
				PRODUCT_NAME = "$(TARGET_NAME)";
				SWIFT_EMIT_LOC_STRINGS = YES;
				SWIFT_VERSION = 5.0;
				TARGETED_DEVICE_FAMILY = "1,2";
			};
			name = Debug;
		};
		EF34A64D2CD8C61D00724F97 /* Release */ = {
			isa = XCBuildConfiguration;
			buildSettings = {
				ASSETCATALOG_COMPILER_APPICON_NAME = AppIcon;
				ASSETCATALOG_COMPILER_GLOBAL_ACCENT_COLOR_NAME = AccentColor;
				CODE_SIGN_STYLE = Automatic;
				CURRENT_PROJECT_VERSION = 1;
				DEVELOPMENT_ASSET_PATHS = "\"ParliamentApp/Preview Content\"";
				ENABLE_PREVIEWS = YES;
				GENERATE_INFOPLIST_FILE = YES;
				INFOPLIST_KEY_UIApplicationSceneManifest_Generation = YES;
				INFOPLIST_KEY_UIApplicationSupportsIndirectInputEvents = YES;
				INFOPLIST_KEY_UILaunchScreen_Generation = YES;
				INFOPLIST_KEY_UISupportedInterfaceOrientations_iPad = "UIInterfaceOrientationPortrait UIInterfaceOrientationPortraitUpsideDown UIInterfaceOrientationLandscapeLeft UIInterfaceOrientationLandscapeRight";
				INFOPLIST_KEY_UISupportedInterfaceOrientations_iPhone = "UIInterfaceOrientationPortrait UIInterfaceOrientationLandscapeLeft UIInterfaceOrientationLandscapeRight";
				LD_RUNPATH_SEARCH_PATHS = (
					"$(inherited)",
					"@executable_path/Frameworks",
				);
				MARKETING_VERSION = 1.0;
				PRODUCT_BUNDLE_IDENTIFIER = whatever.ParliamentApp;
				PRODUCT_NAME = "$(TARGET_NAME)";
				SWIFT_EMIT_LOC_STRINGS = YES;
				SWIFT_VERSION = 5.0;
				TARGETED_DEVICE_FAMILY = "1,2";
			};
			name = Release;
		};
		EF34A64F2CD8C61D00724F97 /* Debug */ = {
			isa = XCBuildConfiguration;
			buildSettings = {
				BUNDLE_LOADER = "$(TEST_HOST)";
				CODE_SIGN_STYLE = Automatic;
				CURRENT_PROJECT_VERSION = 1;
				GENERATE_INFOPLIST_FILE = YES;
				IPHONEOS_DEPLOYMENT_TARGET = 18.1;
				MARKETING_VERSION = 1.0;
				PRODUCT_BUNDLE_IDENTIFIER = whatever.ParliamentAppTests;
				PRODUCT_NAME = "$(TARGET_NAME)";
				SWIFT_EMIT_LOC_STRINGS = NO;
				SWIFT_VERSION = 5.0;
				TARGETED_DEVICE_FAMILY = "1,2";
				TEST_HOST = "$(BUILT_PRODUCTS_DIR)/ParliamentApp.app/$(BUNDLE_EXECUTABLE_FOLDER_PATH)/ParliamentApp";
			};
			name = Debug;
		};
		EF34A6502CD8C61D00724F97 /* Release */ = {
			isa = XCBuildConfiguration;
			buildSettings = {
				BUNDLE_LOADER = "$(TEST_HOST)";
				CODE_SIGN_STYLE = Automatic;
				CURRENT_PROJECT_VERSION = 1;
				GENERATE_INFOPLIST_FILE = YES;
				IPHONEOS_DEPLOYMENT_TARGET = 18.1;
				MARKETING_VERSION = 1.0;
				PRODUCT_BUNDLE_IDENTIFIER = whatever.ParliamentAppTests;
				PRODUCT_NAME = "$(TARGET_NAME)";
				SWIFT_EMIT_LOC_STRINGS = NO;
				SWIFT_VERSION = 5.0;
				TARGETED_DEVICE_FAMILY = "1,2";
				TEST_HOST = "$(BUILT_PRODUCTS_DIR)/ParliamentApp.app/$(BUNDLE_EXECUTABLE_FOLDER_PATH)/ParliamentApp";
			};
			name = Release;
		};
		EF34A6522CD8C61D00724F97 /* Debug */ = {
			isa = XCBuildConfiguration;
			buildSettings = {
				CODE_SIGN_STYLE = Automatic;
				CURRENT_PROJECT_VERSION = 1;
				GENERATE_INFOPLIST_FILE = YES;
				MARKETING_VERSION = 1.0;
				PRODUCT_BUNDLE_IDENTIFIER = whatever.ParliamentAppUITests;
				PRODUCT_NAME = "$(TARGET_NAME)";
				SWIFT_EMIT_LOC_STRINGS = NO;
				SWIFT_VERSION = 5.0;
				TARGETED_DEVICE_FAMILY = "1,2";
				TEST_TARGET_NAME = ParliamentApp;
			};
			name = Debug;
		};
		EF34A6532CD8C61D00724F97 /* Release */ = {
			isa = XCBuildConfiguration;
			buildSettings = {
				CODE_SIGN_STYLE = Automatic;
				CURRENT_PROJECT_VERSION = 1;
				GENERATE_INFOPLIST_FILE = YES;
				MARKETING_VERSION = 1.0;
				PRODUCT_BUNDLE_IDENTIFIER = whatever.ParliamentAppUITests;
				PRODUCT_NAME = "$(TARGET_NAME)";
				SWIFT_EMIT_LOC_STRINGS = NO;
				SWIFT_VERSION = 5.0;
				TARGETED_DEVICE_FAMILY = "1,2";
				TEST_TARGET_NAME = ParliamentApp;
			};
			name = Release;
		};
/* End XCBuildConfiguration section */

/* Begin XCConfigurationList section */
		EF34A6222CD8C61C00724F97 /* Build configuration list for PBXProject "ParliamentApp" */ = {
			isa = XCConfigurationList;
			buildConfigurations = (
				EF34A6492CD8C61D00724F97 /* Debug */,
				EF34A64A2CD8C61D00724F97 /* Release */,
			);
			defaultConfigurationIsVisible = 0;
			defaultConfigurationName = Release;
		};
		EF34A64B2CD8C61D00724F97 /* Build configuration list for PBXNativeTarget "ParliamentApp" */ = {
			isa = XCConfigurationList;
			buildConfigurations = (
				EF34A64C2CD8C61D00724F97 /* Debug */,
				EF34A64D2CD8C61D00724F97 /* Release */,
			);
			defaultConfigurationIsVisible = 0;
			defaultConfigurationName = Release;
		};
		EF34A64E2CD8C61D00724F97 /* Build configuration list for PBXNativeTarget "ParliamentAppTests" */ = {
			isa = XCConfigurationList;
			buildConfigurations = (
				EF34A64F2CD8C61D00724F97 /* Debug */,
				EF34A6502CD8C61D00724F97 /* Release */,
			);
			defaultConfigurationIsVisible = 0;
			defaultConfigurationName = Release;
		};
		EF34A6512CD8C61D00724F97 /* Build configuration list for PBXNativeTarget "ParliamentAppUITests" */ = {
			isa = XCConfigurationList;
			buildConfigurations = (
				EF34A6522CD8C61D00724F97 /* Debug */,
				EF34A6532CD8C61D00724F97 /* Release */,
			);
			defaultConfigurationIsVisible = 0;
			defaultConfigurationName = Release;
		};
/* End XCConfigurationList section */
	};
	rootObject = EF34A61F2CD8C61C00724F97 /* Project object */;
}
